// !$*UTF8*$!
{
	archiveVersion = 1;
	classes = {
	};
	objectVersion = 46;
	objects = {

/* Begin PBXBuildFile section */
		E43C5DD81ADB7EC6005DE284 /* main.m in Sources */ = {isa = PBXBuildFile; fileRef = E43C5DD71ADB7EC6005DE284 /* main.m */; };
		E43C5DDB1ADB7EC6005DE284 /* AppDelegate.m in Sources */ = {isa = PBXBuildFile; fileRef = E43C5DDA1ADB7EC6005DE284 /* AppDelegate.m */; };
		E43C5DDE1ADB7EC6005DE284 /* ViewController.m in Sources */ = {isa = PBXBuildFile; fileRef = E43C5DDD1ADB7EC6005DE284 /* ViewController.m */; };
		E43C5DE11ADB7EC6005DE284 /* Main.storyboard in Resources */ = {isa = PBXBuildFile; fileRef = E43C5DDF1ADB7EC6005DE284 /* Main.storyboard */; };
		E43C5DE31ADB7EC6005DE284 /* Images.xcassets in Resources */ = {isa = PBXBuildFile; fileRef = E43C5DE21ADB7EC6005DE284 /* Images.xcassets */; };
		E43C5DE61ADB7EC6005DE284 /* LaunchScreen.xib in Resources */ = {isa = PBXBuildFile; fileRef = E43C5DE41ADB7EC6005DE284 /* LaunchScreen.xib */; };
		E43C5DF21ADB7EC6005DE284 /* HelloWorldTests.m in Sources */ = {isa = PBXBuildFile; fileRef = E43C5DF11ADB7EC6005DE284 /* HelloWorldTests.m */; };
/* End PBXBuildFile section */

/* Begin PBXContainerItemProxy section */
		E43C5DEC1ADB7EC6005DE284 /* PBXContainerItemProxy */ = {
			isa = PBXContainerItemProxy;
			containerPortal = E43C5DCA1ADB7EC6005DE284 /* Project object */;
			proxyType = 1;
			remoteGlobalIDString = E43C5DD11ADB7EC6005DE284;
			remoteInfo = HelloWorld;
		};
/* End PBXContainerItemProxy section */

/* Begin PBXFileReference section */
		E43C5DD21ADB7EC6005DE284 /* HelloWorld.app */ = {isa = PBXFileReference; explicitFileType = wrapper.application; includeInIndex = 0; path = HelloWorld.app; sourceTree = BUILT_PRODUCTS_DIR; };
		E43C5DD61ADB7EC6005DE284 /* Info.plist */ = {isa = PBXFileReference; lastKnownFileType = text.plist.xml; path = Info.plist; sourceTree = "<group>"; };
		E43C5DD71ADB7EC6005DE284 /* main.m */ = {isa = PBXFileReference; lastKnownFileType = sourcecode.c.objc; path = main.m; sourceTree = "<group>"; };
		E43C5DD91ADB7EC6005DE284 /* AppDelegate.h */ = {isa = PBXFileReference; lastKnownFileType = sourcecode.c.h; path = AppDelegate.h; sourceTree = "<group>"; };
		E43C5DDA1ADB7EC6005DE284 /* AppDelegate.m */ = {isa = PBXFileReference; lastKnownFileType = sourcecode.c.objc; path = AppDelegate.m; sourceTree = "<group>"; };
		E43C5DDC1ADB7EC6005DE284 /* ViewController.h */ = {isa = PBXFileReference; lastKnownFileType = sourcecode.c.h; path = ViewController.h; sourceTree = "<group>"; };
		E43C5DDD1ADB7EC6005DE284 /* ViewController.m */ = {isa = PBXFileReference; lastKnownFileType = sourcecode.c.objc; path = ViewController.m; sourceTree = "<group>"; };
		E43C5DE01ADB7EC6005DE284 /* Base */ = {isa = PBXFileReference; lastKnownFileType = file.storyboard; name = Base; path = Base.lproj/Main.storyboard; sourceTree = "<group>"; };
		E43C5DE21ADB7EC6005DE284 /* Images.xcassets */ = {isa = PBXFileReference; lastKnownFileType = folder.assetcatalog; path = Images.xcassets; sourceTree = "<group>"; };
		E43C5DE51ADB7EC6005DE284 /* Base */ = {isa = PBXFileReference; lastKnownFileType = file.xib; name = Base; path = Base.lproj/LaunchScreen.xib; sourceTree = "<group>"; };
		E43C5DEB1ADB7EC6005DE284 /* HelloWorldTests.xctest */ = {isa = PBXFileReference; explicitFileType = wrapper.cfbundle; includeInIndex = 0; path = HelloWorldTests.xctest; sourceTree = BUILT_PRODUCTS_DIR; };
		E43C5DF01ADB7EC6005DE284 /* Info.plist */ = {isa = PBXFileReference; lastKnownFileType = text.plist.xml; path = Info.plist; sourceTree = "<group>"; };
		E43C5DF11ADB7EC6005DE284 /* HelloWorldTests.m */ = {isa = PBXFileReference; lastKnownFileType = sourcecode.c.objc; path = HelloWorldTests.m; sourceTree = "<group>"; };
/* End PBXFileReference section */

/* Begin PBXFrameworksBuildPhase section */
		E43C5DCF1ADB7EC6005DE284 /* Frameworks */ = {
			isa = PBXFrameworksBuildPhase;
			buildActionMask = 2147483647;
			files = (
			);
			runOnlyForDeploymentPostprocessing = 0;
		};
		E43C5DE81ADB7EC6005DE284 /* Frameworks */ = {
			isa = PBXFrameworksBuildPhase;
			buildActionMask = 2147483647;
			files = (
			);
			runOnlyForDeploymentPostprocessing = 0;
		};
/* End PBXFrameworksBuildPhase section */

/* Begin PBXGroup section */
		E43C5DC91ADB7EC6005DE284 = {
			isa = PBXGroup;
			children = (
				E43C5DD41ADB7EC6005DE284 /* HelloWorld */,
				E43C5DEE1ADB7EC6005DE284 /* HelloWorldTests */,
				E43C5DD31ADB7EC6005DE284 /* Products */,
			);
			sourceTree = "<group>";
		};
		E43C5DD31ADB7EC6005DE284 /* Products */ = {
			isa = PBXGroup;
			children = (
				E43C5DD21ADB7EC6005DE284 /* HelloWorld.app */,
				E43C5DEB1ADB7EC6005DE284 /* HelloWorldTests.xctest */,
			);
			name = Products;
			sourceTree = "<group>";
		};
		E43C5DD41ADB7EC6005DE284 /* HelloWorld */ = {
			isa = PBXGroup;
			children = (
				E43C5DD91ADB7EC6005DE284 /* AppDelegate.h */,
				E43C5DDA1ADB7EC6005DE284 /* AppDelegate.m */,
				E43C5DDC1ADB7EC6005DE284 /* ViewController.h */,
				E43C5DDD1ADB7EC6005DE284 /* ViewController.m */,
				E43C5DDF1ADB7EC6005DE284 /* Main.storyboard */,
				E43C5DE21ADB7EC6005DE284 /* Images.xcassets */,
				E43C5DE41ADB7EC6005DE284 /* LaunchScreen.xib */,
				E43C5DD51ADB7EC6005DE284 /* Supporting Files */,
			);
			path = HelloWorld;
			sourceTree = "<group>";
		};
		E43C5DD51ADB7EC6005DE284 /* Supporting Files */ = {
			isa = PBXGroup;
			children = (
				E43C5DD61ADB7EC6005DE284 /* Info.plist */,
				E43C5DD71ADB7EC6005DE284 /* main.m */,
			);
			name = "Supporting Files";
			sourceTree = "<group>";
		};
		E43C5DEE1ADB7EC6005DE284 /* HelloWorldTests */ = {
			isa = PBXGroup;
			children = (
				E43C5DF11ADB7EC6005DE284 /* HelloWorldTests.m */,
				E43C5DEF1ADB7EC6005DE284 /* Supporting Files */,
			);
			path = HelloWorldTests;
			sourceTree = "<group>";
		};
		E43C5DEF1ADB7EC6005DE284 /* Supporting Files */ = {
			isa = PBXGroup;
			children = (
				E43C5DF01ADB7EC6005DE284 /* Info.plist */,
			);
			name = "Supporting Files";
			sourceTree = "<group>";
		};
/* End PBXGroup section */

/* Begin PBXNativeTarget section */
		E43C5DD11ADB7EC6005DE284 /* HelloWorld */ = {
			isa = PBXNativeTarget;
			buildConfigurationList = E43C5DF51ADB7EC6005DE284 /* Build configuration list for PBXNativeTarget "HelloWorld" */;
			buildPhases = (
				E43C5DCE1ADB7EC6005DE284 /* Sources */,
				E43C5DCF1ADB7EC6005DE284 /* Frameworks */,
				E43C5DD01ADB7EC6005DE284 /* Resources */,
			);
			buildRules = (
			);
			dependencies = (
			);
			name = HelloWorld;
			productName = HelloWorld;
			productReference = E43C5DD21ADB7EC6005DE284 /* HelloWorld.app */;
			productType = "com.apple.product-type.application";
		};
		E43C5DEA1ADB7EC6005DE284 /* HelloWorldTests */ = {
			isa = PBXNativeTarget;
			buildConfigurationList = E43C5DF81ADB7EC6005DE284 /* Build configuration list for PBXNativeTarget "HelloWorldTests" */;
			buildPhases = (
				E43C5DE71ADB7EC6005DE284 /* Sources */,
				E43C5DE81ADB7EC6005DE284 /* Frameworks */,
				E43C5DE91ADB7EC6005DE284 /* Resources */,
			);
			buildRules = (
			);
			dependencies = (
				E43C5DED1ADB7EC6005DE284 /* PBXTargetDependency */,
			);
			name = HelloWorldTests;
			productName = HelloWorldTests;
			productReference = E43C5DEB1ADB7EC6005DE284 /* HelloWorldTests.xctest */;
			productType = "com.apple.product-type.bundle.unit-test";
		};
/* End PBXNativeTarget section */

/* Begin PBXProject section */
		E43C5DCA1ADB7EC6005DE284 /* Project object */ = {
			isa = PBXProject;
			attributes = {
				LastUpgradeCheck = 0630;
				ORGANIZATIONNAME = DG;
				TargetAttributes = {
					E43C5DD11ADB7EC6005DE284 = {
						CreatedOnToolsVersion = 6.3;
					};
					E43C5DEA1ADB7EC6005DE284 = {
						CreatedOnToolsVersion = 6.3;
						TestTargetID = E43C5DD11ADB7EC6005DE284;
					};
				};
			};
			buildConfigurationList = E43C5DCD1ADB7EC6005DE284 /* Build configuration list for PBXProject "HelloWorld" */;
			compatibilityVersion = "Xcode 3.2";
			developmentRegion = English;
			hasScannedForEncodings = 0;
			knownRegions = (
				en,
				Base,
			);
			mainGroup = E43C5DC91ADB7EC6005DE284;
			productRefGroup = E43C5DD31ADB7EC6005DE284 /* Products */;
			projectDirPath = "";
			projectRoot = "";
			targets = (
				E43C5DD11ADB7EC6005DE284 /* HelloWorld */,
				E43C5DEA1ADB7EC6005DE284 /* HelloWorldTests */,
			);
		};
/* End PBXProject section */

/* Begin PBXResourcesBuildPhase section */
		E43C5DD01ADB7EC6005DE284 /* Resources */ = {
			isa = PBXResourcesBuildPhase;
			buildActionMask = 2147483647;
			files = (
				E43C5DE11ADB7EC6005DE284 /* Main.storyboard in Resources */,
				E43C5DE61ADB7EC6005DE284 /* LaunchScreen.xib in Resources */,
				E43C5DE31ADB7EC6005DE284 /* Images.xcassets in Resources */,
			);
			runOnlyForDeploymentPostprocessing = 0;
		};
		E43C5DE91ADB7EC6005DE284 /* Resources */ = {
			isa = PBXResourcesBuildPhase;
			buildActionMask = 2147483647;
			files = (
			);
			runOnlyForDeploymentPostprocessing = 0;
		};
/* End PBXResourcesBuildPhase section */

/* Begin PBXSourcesBuildPhase section */
		E43C5DCE1ADB7EC6005DE284 /* Sources */ = {
			isa = PBXSourcesBuildPhase;
			buildActionMask = 2147483647;
			files = (
				E43C5DDE1ADB7EC6005DE284 /* ViewController.m in Sources */,
				E43C5DDB1ADB7EC6005DE284 /* AppDelegate.m in Sources */,
				E43C5DD81ADB7EC6005DE284 /* main.m in Sources */,
			);
			runOnlyForDeploymentPostprocessing = 0;
		};
		E43C5DE71ADB7EC6005DE284 /* Sources */ = {
			isa = PBXSourcesBuildPhase;
			buildActionMask = 2147483647;
			files = (
				E43C5DF21ADB7EC6005DE284 /* HelloWorldTests.m in Sources */,
			);
			runOnlyForDeploymentPostprocessing = 0;
		};
/* End PBXSourcesBuildPhase section */

/* Begin PBXTargetDependency section */
		E43C5DED1ADB7EC6005DE284 /* PBXTargetDependency */ = {
			isa = PBXTargetDependency;
			target = E43C5DD11ADB7EC6005DE284 /* HelloWorld */;
			targetProxy = E43C5DEC1ADB7EC6005DE284 /* PBXContainerItemProxy */;
		};
/* End PBXTargetDependency section */

/* Begin PBXVariantGroup section */
		E43C5DDF1ADB7EC6005DE284 /* Main.storyboard */ = {
			isa = PBXVariantGroup;
			children = (
				E43C5DE01ADB7EC6005DE284 /* Base */,
			);
			name = Main.storyboard;
			sourceTree = "<group>";
		};
		E43C5DE41ADB7EC6005DE284 /* LaunchScreen.xib */ = {
			isa = PBXVariantGroup;
			children = (
				E43C5DE51ADB7EC6005DE284 /* Base */,
			);
			name = LaunchScreen.xib;
			sourceTree = "<group>";
		};
/* End PBXVariantGroup section */

/* Begin XCBuildConfiguration section */
		E43C5DF31ADB7EC6005DE284 /* Debug */ = {
			isa = XCBuildConfiguration;
			buildSettings = {
				ALWAYS_SEARCH_USER_PATHS = NO;
				CLANG_CXX_LANGUAGE_STANDARD = "gnu++0x";
				CLANG_CXX_LIBRARY = "libc++";
				CLANG_ENABLE_MODULES = YES;
				CLANG_ENABLE_OBJC_ARC = YES;
				CLANG_WARN_BOOL_CONVERSION = YES;
				CLANG_WARN_CONSTANT_CONVERSION = YES;
				CLANG_WARN_DIRECT_OBJC_ISA_USAGE = YES_ERROR;
				CLANG_WARN_EMPTY_BODY = YES;
				CLANG_WARN_ENUM_CONVERSION = YES;
				CLANG_WARN_INT_CONVERSION = YES;
				CLANG_WARN_OBJC_ROOT_CLASS = YES_ERROR;
				CLANG_WARN_UNREACHABLE_CODE = YES;
				CLANG_WARN__DUPLICATE_METHOD_MATCH = YES;
				"CODE_SIGN_IDENTITY[sdk=iphoneos*]" = "iPhone Developer";
				COPY_PHASE_STRIP = NO;
				DEBUG_INFORMATION_FORMAT = "dwarf-with-dsym";
				ENABLE_STRICT_OBJC_MSGSEND = YES;
				GCC_C_LANGUAGE_STANDARD = gnu99;
				GCC_DYNAMIC_NO_PIC = NO;
				GCC_NO_COMMON_BLOCKS = YES;
				GCC_OPTIMIZATION_LEVEL = 0;
				GCC_PREPROCESSOR_DEFINITIONS = (
					"DEBUG=1",
					"$(inherited)",
				);
				GCC_SYMBOLS_PRIVATE_EXTERN = NO;
				GCC_WARN_64_TO_32_BIT_CONVERSION = YES;
				GCC_WARN_ABOUT_RETURN_TYPE = YES_ERROR;
				GCC_WARN_UNDECLARED_SELECTOR = YES;
				GCC_WARN_UNINITIALIZED_AUTOS = YES_AGGRESSIVE;
				GCC_WARN_UNUSED_FUNCTION = YES;
				GCC_WARN_UNUSED_VARIABLE = YES;
				IPHONEOS_DEPLOYMENT_TARGET = 8.3;
				MTL_ENABLE_DEBUG_INFO = YES;
				ONLY_ACTIVE_ARCH = YES;
				SDKROOT = iphoneos;
			};
			name = Debug;
		};
		E43C5DF41ADB7EC6005DE284 /* Release */ = {
			isa = XCBuildConfiguration;
			buildSettings = {
				ALWAYS_SEARCH_USER_PATHS = NO;
				CLANG_CXX_LANGUAGE_STANDARD = "gnu++0x";
				CLANG_CXX_LIBRARY = "libc++";
				CLANG_ENABLE_MODULES = YES;
				CLANG_ENABLE_OBJC_ARC = YES;
				CLANG_WARN_BOOL_CONVERSION = YES;
				CLANG_WARN_CONSTANT_CONVERSION = YES;
				CLANG_WARN_DIRECT_OBJC_ISA_USAGE = YES_ERROR;
				CLANG_WARN_EMPTY_BODY = YES;
				CLANG_WARN_ENUM_CONVERSION = YES;
				CLANG_WARN_INT_CONVERSION = YES;
				CLANG_WARN_OBJC_ROOT_CLASS = YES_ERROR;
				CLANG_WARN_UNREACHABLE_CODE = YES;
				CLANG_WARN__DUPLICATE_METHOD_MATCH = YES;
				"CODE_SIGN_IDENTITY[sdk=iphoneos*]" = "iPhone Developer";
				COPY_PHASE_STRIP = NO;
				DEBUG_INFORMATION_FORMAT = "dwarf-with-dsym";
				ENABLE_NS_ASSERTIONS = NO;
				ENABLE_STRICT_OBJC_MSGSEND = YES;
				GCC_C_LANGUAGE_STANDARD = gnu99;
				GCC_NO_COMMON_BLOCKS = YES;
				GCC_WARN_64_TO_32_BIT_CONVERSION = YES;
				GCC_WARN_ABOUT_RETURN_TYPE = YES_ERROR;
				GCC_WARN_UNDECLARED_SELECTOR = YES;
				GCC_WARN_UNINITIALIZED_AUTOS = YES_AGGRESSIVE;
				GCC_WARN_UNUSED_FUNCTION = YES;
				GCC_WARN_UNUSED_VARIABLE = YES;
				IPHONEOS_DEPLOYMENT_TARGET = 8.3;
				MTL_ENABLE_DEBUG_INFO = NO;
				SDKROOT = iphoneos;
				VALIDATE_PRODUCT = YES;
			};
			name = Release;
		};
		E43C5DF61ADB7EC6005DE284 /* Debug */ = {
			isa = XCBuildConfiguration;
			buildSettings = {
				ASSETCATALOG_COMPILER_APPICON_NAME = AppIcon;
				INFOPLIST_FILE = HelloWorld/Info.plist;
				LD_RUNPATH_SEARCH_PATHS = "$(inherited) @executable_path/Frameworks";
				PRODUCT_NAME = "$(TARGET_NAME)";
			};
			name = Debug;
		};
		E43C5DF71ADB7EC6005DE284 /* Release */ = {
			isa = XCBuildConfiguration;
			buildSettings = {
				ASSETCATALOG_COMPILER_APPICON_NAME = AppIcon;
				INFOPLIST_FILE = HelloWorld/Info.plist;
				LD_RUNPATH_SEARCH_PATHS = "$(inherited) @executable_path/Frameworks";
				PRODUCT_NAME = "$(TARGET_NAME)";
			};
			name = Release;
		};
		E43C5DF91ADB7EC6005DE284 /* Debug */ = {
			isa = XCBuildConfiguration;
			buildSettings = {
				BUNDLE_LOADER = "$(TEST_HOST)";
				FRAMEWORK_SEARCH_PATHS = (
					"$(SDKROOT)/Developer/Library/Frameworks",
					"$(inherited)",
				);
				GCC_PREPROCESSOR_DEFINITIONS = (
					"DEBUG=1",
					"$(inherited)",
				);
				INFOPLIST_FILE = HelloWorldTests/Info.plist;
				LD_RUNPATH_SEARCH_PATHS = "$(inherited) @executable_path/Frameworks @loader_path/Frameworks";
				PRODUCT_NAME = "$(TARGET_NAME)";
				TEST_HOST = "$(BUILT_PRODUCTS_DIR)/HelloWorld.app/HelloWorld";
			};
			name = Debug;
		};
		E43C5DFA1ADB7EC6005DE284 /* Release */ = {
			isa = XCBuildConfiguration;
			buildSettings = {
				BUNDLE_LOADER = "$(TEST_HOST)";
				FRAMEWORK_SEARCH_PATHS = (
					"$(SDKROOT)/Developer/Library/Frameworks",
					"$(inherited)",
				);
				INFOPLIST_FILE = HelloWorldTests/Info.plist;
				LD_RUNPATH_SEARCH_PATHS = "$(inherited) @executable_path/Frameworks @loader_path/Frameworks";
				PRODUCT_NAME = "$(TARGET_NAME)";
				TEST_HOST = "$(BUILT_PRODUCTS_DIR)/HelloWorld.app/HelloWorld";
			};
			name = Release;
		};
/* End XCBuildConfiguration section */

/* Begin XCConfigurationList section */
		E43C5DCD1ADB7EC6005DE284 /* Build configuration list for PBXProject "HelloWorld" */ = {
			isa = XCConfigurationList;
			buildConfigurations = (
				E43C5DF31ADB7EC6005DE284 /* Debug */,
				E43C5DF41ADB7EC6005DE284 /* Release */,
			);
			defaultConfigurationIsVisible = 0;
			defaultConfigurationName = Release;
		};
		E43C5DF51ADB7EC6005DE284 /* Build configuration list for PBXNativeTarget "HelloWorld" */ = {
			isa = XCConfigurationList;
			buildConfigurations = (
				E43C5DF61ADB7EC6005DE284 /* Debug */,
				E43C5DF71ADB7EC6005DE284 /* Release */,
			);
			defaultConfigurationIsVisible = 0;
		};
		E43C5DF81ADB7EC6005DE284 /* Build configuration list for PBXNativeTarget "HelloWorldTests" */ = {
			isa = XCConfigurationList;
			buildConfigurations = (
				E43C5DF91ADB7EC6005DE284 /* Debug */,
				E43C5DFA1ADB7EC6005DE284 /* Release */,
			);
			defaultConfigurationIsVisible = 0;
		};
/* End XCConfigurationList section */
	};
	rootObject = E43C5DCA1ADB7EC6005DE284 /* Project object */;
}
